// !$*UTF8*$!
{
	archiveVersion = 1;
	classes = {
	};
	objectVersion = 46;
	objects = {

/* Begin PBXBuildFile section */
		3CF291E293605D7A7F9766B5 /* libPods-giphy.a in Frameworks */ = {isa = PBXBuildFile; fileRef = 93FBE721EC95774619397E91 /* libPods-giphy.a */; };
		5C54E1961E27338000EF0CF6 /* giphy.json in Resources */ = {isa = PBXBuildFile; fileRef = 5C54E1951E27338000EF0CF6 /* giphy.json */; };
		5C7721D61E284BB0005FEA8A /* JSONParser.m in Sources */ = {isa = PBXBuildFile; fileRef = 5C7721D51E284BB0005FEA8A /* JSONParser.m */; };
		5CF35CFF1E27066A001CB46D /* main.m in Sources */ = {isa = PBXBuildFile; fileRef = 5CF35CFE1E27066A001CB46D /* main.m */; };
		5CF35D021E27066A001CB46D /* AppDelegate.m in Sources */ = {isa = PBXBuildFile; fileRef = 5CF35D011E27066A001CB46D /* AppDelegate.m */; };
		5CF35D051E27066A001CB46D /* ViewController.m in Sources */ = {isa = PBXBuildFile; fileRef = 5CF35D041E27066A001CB46D /* ViewController.m */; };
		5CF35D081E27066A001CB46D /* Main.storyboard in Resources */ = {isa = PBXBuildFile; fileRef = 5CF35D061E27066A001CB46D /* Main.storyboard */; };
		5CF35D0A1E27066A001CB46D /* Assets.xcassets in Resources */ = {isa = PBXBuildFile; fileRef = 5CF35D091E27066A001CB46D /* Assets.xcassets */; };
		5CF35D0D1E27066A001CB46D /* LaunchScreen.storyboard in Resources */ = {isa = PBXBuildFile; fileRef = 5CF35D0B1E27066A001CB46D /* LaunchScreen.storyboard */; };
/* End PBXBuildFile section */

/* Begin PBXFileReference section */
		58081A64672A2831407B353D /* Pods-giphy.release.xcconfig */ = {isa = PBXFileReference; includeInIndex = 1; lastKnownFileType = text.xcconfig; name = "Pods-giphy.release.xcconfig"; path = "Pods/Target Support Files/Pods-giphy/Pods-giphy.release.xcconfig"; sourceTree = "<group>"; };
		5C54E1951E27338000EF0CF6 /* giphy.json */ = {isa = PBXFileReference; fileEncoding = 4; lastKnownFileType = text.json; path = giphy.json; sourceTree = "<group>"; };
		5C7721D41E284BB0005FEA8A /* JSONParser.h */ = {isa = PBXFileReference; fileEncoding = 4; lastKnownFileType = sourcecode.c.h; path = JSONParser.h; sourceTree = "<group>"; };
		5C7721D51E284BB0005FEA8A /* JSONParser.m */ = {isa = PBXFileReference; fileEncoding = 4; lastKnownFileType = sourcecode.c.objc; path = JSONParser.m; sourceTree = "<group>"; };
		5CF35CFA1E270669001CB46D /* giphy.app */ = {isa = PBXFileReference; explicitFileType = wrapper.application; includeInIndex = 0; path = giphy.app; sourceTree = BUILT_PRODUCTS_DIR; };
		5CF35CFE1E27066A001CB46D /* main.m */ = {isa = PBXFileReference; lastKnownFileType = sourcecode.c.objc; path = main.m; sourceTree = "<group>"; };
		5CF35D001E27066A001CB46D /* AppDelegate.h */ = {isa = PBXFileReference; lastKnownFileType = sourcecode.c.h; path = AppDelegate.h; sourceTree = "<group>"; };
		5CF35D011E27066A001CB46D /* AppDelegate.m */ = {isa = PBXFileReference; lastKnownFileType = sourcecode.c.objc; path = AppDelegate.m; sourceTree = "<group>"; };
		5CF35D031E27066A001CB46D /* ViewController.h */ = {isa = PBXFileReference; lastKnownFileType = sourcecode.c.h; path = ViewController.h; sourceTree = "<group>"; };
		5CF35D041E27066A001CB46D /* ViewController.m */ = {isa = PBXFileReference; lastKnownFileType = sourcecode.c.objc; path = ViewController.m; sourceTree = "<group>"; };
		5CF35D071E27066A001CB46D /* Base */ = {isa = PBXFileReference; lastKnownFileType = file.storyboard; name = Base; path = Base.lproj/Main.storyboard; sourceTree = "<group>"; };
		5CF35D091E27066A001CB46D /* Assets.xcassets */ = {isa = PBXFileReference; lastKnownFileType = folder.assetcatalog; path = Assets.xcassets; sourceTree = "<group>"; };
		5CF35D0C1E27066A001CB46D /* Base */ = {isa = PBXFileReference; lastKnownFileType = file.storyboard; name = Base; path = Base.lproj/LaunchScreen.storyboard; sourceTree = "<group>"; };
		5CF35D0E1E27066A001CB46D /* Info.plist */ = {isa = PBXFileReference; lastKnownFileType = text.plist.xml; path = Info.plist; sourceTree = "<group>"; };
		93FBE721EC95774619397E91 /* libPods-giphy.a */ = {isa = PBXFileReference; explicitFileType = archive.ar; includeInIndex = 0; path = "libPods-giphy.a"; sourceTree = BUILT_PRODUCTS_DIR; };
		A389E22EFCD19F880C0B88C9 /* Pods-giphy.debug.xcconfig */ = {isa = PBXFileReference; includeInIndex = 1; lastKnownFileType = text.xcconfig; name = "Pods-giphy.debug.xcconfig"; path = "Pods/Target Support Files/Pods-giphy/Pods-giphy.debug.xcconfig"; sourceTree = "<group>"; };
/* End PBXFileReference section */

/* Begin PBXFrameworksBuildPhase section */
		5CF35CF71E270669001CB46D /* Frameworks */ = {
			isa = PBXFrameworksBuildPhase;
			buildActionMask = 2147483647;
			files = (
				3CF291E293605D7A7F9766B5 /* libPods-giphy.a in Frameworks */,
			);
			runOnlyForDeploymentPostprocessing = 0;
		};
/* End PBXFrameworksBuildPhase section */

/* Begin PBXGroup section */
		4389661BC0240BDFF08D870D /* Frameworks */ = {
			isa = PBXGroup;
			children = (
				93FBE721EC95774619397E91 /* libPods-giphy.a */,
			);
			name = Frameworks;
			sourceTree = "<group>";
		};
		5CF35CF11E270668001CB46D = {
			isa = PBXGroup;
			children = (
				5CF35CFC1E270669001CB46D /* giphy */,
				5CF35CFB1E270669001CB46D /* Products */,
				E4587605F034A6A4526CF8C9 /* Pods */,
				4389661BC0240BDFF08D870D /* Frameworks */,
			);
			sourceTree = "<group>";
		};
		5CF35CFB1E270669001CB46D /* Products */ = {
			isa = PBXGroup;
			children = (
				5CF35CFA1E270669001CB46D /* giphy.app */,
			);
			name = Products;
			sourceTree = "<group>";
		};
		5CF35CFC1E270669001CB46D /* giphy */ = {
			isa = PBXGroup;
			children = (
				5CFF1EB81F0C13E600191EA5 /* network utility */,
				5CF35D001E27066A001CB46D /* AppDelegate.h */,
				5CF35D011E27066A001CB46D /* AppDelegate.m */,
				5CFF1EB91F0C13F700191EA5 /* contollers */,
				5CFF1EBA1F0C142000191EA5 /* Views */,
				5CF35D091E27066A001CB46D /* Assets.xcassets */,
				5C54E1951E27338000EF0CF6 /* giphy.json */,
				5CF35D0B1E27066A001CB46D /* LaunchScreen.storyboard */,
				5CF35D0E1E27066A001CB46D /* Info.plist */,
				5CF35CFD1E27066A001CB46D /* Supporting Files */,
			);
			path = giphy;
			sourceTree = "<group>";
		};
		5CF35CFD1E27066A001CB46D /* Supporting Files */ = {
			isa = PBXGroup;
			children = (
				5CF35CFE1E27066A001CB46D /* main.m */,
			);
			name = "Supporting Files";
			sourceTree = "<group>";
		};
		5CFF1EB81F0C13E600191EA5 /* network utility */ = {
			isa = PBXGroup;
			children = (
				5C7721D41E284BB0005FEA8A /* JSONParser.h */,
				5C7721D51E284BB0005FEA8A /* JSONParser.m */,
			);
			name = "network utility";
			sourceTree = "<group>";
		};
		5CFF1EB91F0C13F700191EA5 /* contollers */ = {
			isa = PBXGroup;
			children = (
				5CF35D031E27066A001CB46D /* ViewController.h */,
				5CF35D041E27066A001CB46D /* ViewController.m */,
			);
			name = contollers;
			sourceTree = "<group>";
		};
		5CFF1EBA1F0C142000191EA5 /* Views */ = {
			isa = PBXGroup;
			children = (
				5CF35D061E27066A001CB46D /* Main.storyboard */,
			);
			name = Views;
			sourceTree = "<group>";
		};
		E4587605F034A6A4526CF8C9 /* Pods */ = {
			isa = PBXGroup;
			children = (
				A389E22EFCD19F880C0B88C9 /* Pods-giphy.debug.xcconfig */,
				58081A64672A2831407B353D /* Pods-giphy.release.xcconfig */,
			);
			name = Pods;
			sourceTree = "<group>";
		};
/* End PBXGroup section */

/* Begin PBXNativeTarget section */
		5CF35CF91E270669001CB46D /* giphy */ = {
			isa = PBXNativeTarget;
			buildConfigurationList = 5CF35D111E27066A001CB46D /* Build configuration list for PBXNativeTarget "giphy" */;
			buildPhases = (
				CB60CB0A50E3F5CFDD0EC6E6 /* [CP] Check Pods Manifest.lock */,
				5CF35CF61E270669001CB46D /* Sources */,
				5CF35CF71E270669001CB46D /* Frameworks */,
				5CF35CF81E270669001CB46D /* Resources */,
				235B60D63AAD1ED53B2799E3 /* [CP] Embed Pods Frameworks */,
				9F5365D997218F8BB8028699 /* [CP] Copy Pods Resources */,
			);
			buildRules = (
			);
			dependencies = (
			);
			name = giphy;
			productName = giphy;
			productReference = 5CF35CFA1E270669001CB46D /* giphy.app */;
			productType = "com.apple.product-type.application";
		};
/* End PBXNativeTarget section */

/* Begin PBXProject section */
		5CF35CF21E270668001CB46D /* Project object */ = {
			isa = PBXProject;
			attributes = {
				LastUpgradeCheck = 0820;
				ORGANIZATIONNAME = Rocky;
				TargetAttributes = {
					5CF35CF91E270669001CB46D = {
						CreatedOnToolsVersion = 8.2.1;
						DevelopmentTeam = 39XXES98DU;
						ProvisioningStyle = Automatic;
					};
				};
			};
			buildConfigurationList = 5CF35CF51E270668001CB46D /* Build configuration list for PBXProject "giphy" */;
			compatibilityVersion = "Xcode 3.2";
			developmentRegion = English;
			hasScannedForEncodings = 0;
			knownRegions = (
				en,
				Base,
			);
			mainGroup = 5CF35CF11E270668001CB46D;
			productRefGroup = 5CF35CFB1E270669001CB46D /* Products */;
			projectDirPath = "";
			projectRoot = "";
			targets = (
				5CF35CF91E270669001CB46D /* giphy */,
			);
		};
/* End PBXProject section */

/* Begin PBXResourcesBuildPhase section */
		5CF35CF81E270669001CB46D /* Resources */ = {
			isa = PBXResourcesBuildPhase;
			buildActionMask = 2147483647;
			files = (
				5CF35D0D1E27066A001CB46D /* LaunchScreen.storyboard in Resources */,
				5CF35D0A1E27066A001CB46D /* Assets.xcassets in Resources */,
				5CF35D081E27066A001CB46D /* Main.storyboard in Resources */,
				5C54E1961E27338000EF0CF6 /* giphy.json in Resources */,
			);
			runOnlyForDeploymentPostprocessing = 0;
		};
/* End PBXResourcesBuildPhase section */

/* Begin PBXShellScriptBuildPhase section */
		235B60D63AAD1ED53B2799E3 /* [CP] Embed Pods Frameworks */ = {
			isa = PBXShellScriptBuildPhase;
			buildActionMask = 2147483647;
			files = (
			);
			inputPaths = (
			);
			name = "[CP] Embed Pods Frameworks";
			outputPaths = (
			);
			runOnlyForDeploymentPostprocessing = 0;
			shellPath = /bin/sh;
			shellScript = "\"${SRCROOT}/Pods/Target Support Files/Pods-giphy/Pods-giphy-frameworks.sh\"\n";
			showEnvVarsInLog = 0;
		};
		9F5365D997218F8BB8028699 /* [CP] Copy Pods Resources */ = {
			isa = PBXShellScriptBuildPhase;
			buildActionMask = 2147483647;
			files = (
			);
			inputPaths = (
			);
			name = "[CP] Copy Pods Resources";
			outputPaths = (
			);
			runOnlyForDeploymentPostprocessing = 0;
			shellPath = /bin/sh;
			shellScript = "\"${SRCROOT}/Pods/Target Support Files/Pods-giphy/Pods-giphy-resources.sh\"\n";
			showEnvVarsInLog = 0;
		};
		CB60CB0A50E3F5CFDD0EC6E6 /* [CP] Check Pods Manifest.lock */ = {
			isa = PBXShellScriptBuildPhase;
			buildActionMask = 2147483647;
			files = (
			);
			inputPaths = (
			);
			name = "[CP] Check Pods Manifest.lock";
			outputPaths = (
			);
			runOnlyForDeploymentPostprocessing = 0;
			shellPath = /bin/sh;
			shellScript = "diff \"${PODS_ROOT}/../Podfile.lock\" \"${PODS_ROOT}/Manifest.lock\" > /dev/null\nif [ $? != 0 ] ; then\n    # print error to STDERR\n    echo \"error: The sandbox is not in sync with the Podfile.lock. Run 'pod install' or update your CocoaPods installation.\" >&2\n    exit 1\nfi\n";
			showEnvVarsInLog = 0;
		};
/* End PBXShellScriptBuildPhase section */

/* Begin PBXSourcesBuildPhase section */
		5CF35CF61E270669001CB46D /* Sources */ = {
			isa = PBXSourcesBuildPhase;
			buildActionMask = 2147483647;
			files = (
				5CF35D051E27066A001CB46D /* ViewController.m in Sources */,
				5CF35D021E27066A001CB46D /* AppDelegate.m in Sources */,
				5C7721D61E284BB0005FEA8A /* JSONParser.m in Sources */,
				5CF35CFF1E27066A001CB46D /* main.m in Sources */,
			);
			runOnlyForDeploymentPostprocessing = 0;
		};
/* End PBXSourcesBuildPhase section */

/* Begin PBXVariantGroup section */
		5CF35D061E27066A001CB46D /* Main.storyboard */ = {
			isa = PBXVariantGroup;
			children = (
				5CF35D071E27066A001CB46D /* Base */,
			);
			name = Main.storyboard;
			sourceTree = "<group>";
		};
		5CF35D0B1E27066A001CB46D /* LaunchScreen.storyboard */ = {
			isa = PBXVariantGroup;
			children = (
				5CF35D0C1E27066A001CB46D /* Base */,
			);
			name = LaunchScreen.storyboard;
			sourceTree = "<group>";
		};
/* End PBXVariantGroup section */

/* Begin XCBuildConfiguration section */
		5CF35D0F1E27066A001CB46D /* Debug */ = {
			isa = XCBuildConfiguration;
			buildSettings = {
				ALWAYS_SEARCH_USER_PATHS = NO;
				CLANG_ANALYZER_NONNULL = YES;
				CLANG_CXX_LANGUAGE_STANDARD = "gnu++0x";
				CLANG_CXX_LIBRARY = "libc++";
				CLANG_ENABLE_MODULES = YES;
				CLANG_ENABLE_OBJC_ARC = YES;
				CLANG_WARN_BOOL_CONVERSION = YES;
				CLANG_WARN_CONSTANT_CONVERSION = YES;
				CLANG_WARN_DIRECT_OBJC_ISA_USAGE = YES_ERROR;
				CLANG_WARN_DOCUMENTATION_COMMENTS = YES;
				CLANG_WARN_EMPTY_BODY = YES;
				CLANG_WARN_ENUM_CONVERSION = YES;
				CLANG_WARN_INFINITE_RECURSION = YES;
				CLANG_WARN_INT_CONVERSION = YES;
				CLANG_WARN_OBJC_ROOT_CLASS = YES_ERROR;
				CLANG_WARN_SUSPICIOUS_MOVE = YES;
				CLANG_WARN_UNREACHABLE_CODE = YES;
				CLANG_WARN__DUPLICATE_METHOD_MATCH = YES;
				"CODE_SIGN_IDENTITY[sdk=iphoneos*]" = "iPhone Developer";
				COPY_PHASE_STRIP = NO;
				DEBUG_INFORMATION_FORMAT = dwarf;
				ENABLE_STRICT_OBJC_MSGSEND = YES;
				ENABLE_TESTABILITY = YES;
				GCC_C_LANGUAGE_STANDARD = gnu99;
				GCC_DYNAMIC_NO_PIC = NO;
				GCC_NO_COMMON_BLOCKS = YES;
				GCC_OPTIMIZATION_LEVEL = 0;
				GCC_PREPROCESSOR_DEFINITIONS = (
					"DEBUG=1",
					"$(inherited)",
				);
				GCC_WARN_64_TO_32_BIT_CONVERSION = YES;
				GCC_WARN_ABOUT_RETURN_TYPE = YES_ERROR;
				GCC_WARN_UNDECLARED_SELECTOR = YES;
				GCC_WARN_UNINITIALIZED_AUTOS = YES_AGGRESSIVE;
				GCC_WARN_UNUSED_FUNCTION = YES;
				GCC_WARN_UNUSED_VARIABLE = YES;
				IPHONEOS_DEPLOYMENT_TARGET = 10.2;
				MTL_ENABLE_DEBUG_INFO = YES;
				ONLY_ACTIVE_ARCH = YES;
				SDKROOT = iphoneos;
				TARGETED_DEVICE_FAMILY = "1,2";
			};
			name = Debug;
		};
		5CF35D101E27066A001CB46D /* Release */ = {
			isa = XCBuildConfiguration;
			buildSettings = {
				ALWAYS_SEARCH_USER_PATHS = NO;
				CLANG_ANALYZER_NONNULL = YES;
				CLANG_CXX_LANGUAGE_STANDARD = "gnu++0x";
				CLANG_CXX_LIBRARY = "libc++";
				CLANG_ENABLE_MODULES = YES;
				CLANG_ENABLE_OBJC_ARC = YES;
				CLANG_WARN_BOOL_CONVERSION = YES;
				CLANG_WARN_CONSTANT_CONVERSION = YES;
				CLANG_WARN_DIRECT_OBJC_ISA_USAGE = YES_ERROR;
				CLANG_WARN_DOCUMENTATION_COMMENTS = YES;
				CLANG_WARN_EMPTY_BODY = YES;
				CLANG_WARN_ENUM_CONVERSION = YES;
				CLANG_WARN_INFINITE_RECURSION = YES;
				CLANG_WARN_INT_CONVERSION = YES;
				CLANG_WARN_OBJC_ROOT_CLASS = YES_ERROR;
				CLANG_WARN_SUSPICIOUS_MOVE = YES;
				CLANG_WARN_UNREACHABLE_CODE = YES;
				CLANG_WARN__DUPLICATE_METHOD_MATCH = YES;
				"CODE_SIGN_IDENTITY[sdk=iphoneos*]" = "iPhone Developer";
				COPY_PHASE_STRIP = NO;
				DEBUG_INFORMATION_FORMAT = "dwarf-with-dsym";
				ENABLE_NS_ASSERTIONS = NO;
				ENABLE_STRICT_OBJC_MSGSEND = YES;
				GCC_C_LANGUAGE_STANDARD = gnu99;
				GCC_NO_COMMON_BLOCKS = YES;
				GCC_WARN_64_TO_32_BIT_CONVERSION = YES;
				GCC_WARN_ABOUT_RETURN_TYPE = YES_ERROR;
				GCC_WARN_UNDECLARED_SELECTOR = YES;
				GCC_WARN_UNINITIALIZED_AUTOS = YES_AGGRESSIVE;
				GCC_WARN_UNUSED_FUNCTION = YES;
				GCC_WARN_UNUSED_VARIABLE = YES;
				IPHONEOS_DEPLOYMENT_TARGET = 10.2;
				MTL_ENABLE_DEBUG_INFO = NO;
				SDKROOT = iphoneos;
				TARGETED_DEVICE_FAMILY = "1,2";
				VALIDATE_PRODUCT = YES;
			};
			name = Release;
		};
		5CF35D121E27066A001CB46D /* Debug */ = {
			isa = XCBuildConfiguration;
			baseConfigurationReference = A389E22EFCD19F880C0B88C9 /* Pods-giphy.debug.xcconfig */;
			buildSettings = {
				ASSETCATALOG_COMPILER_APPICON_NAME = AppIcon;
				DEVELOPMENT_TEAM = 39XXES98DU;
				INFOPLIST_FILE = giphy/Info.plist;
				LD_RUNPATH_SEARCH_PATHS = "$(inherited) @executable_path/Frameworks";
				PRODUCT_BUNDLE_IDENTIFIER = mycompany.giphy;
				PRODUCT_NAME = "$(TARGET_NAME)";
			};
			name = Debug;
		};
		5CF35D131E27066A001CB46D /* Release */ = {
			isa = XCBuildConfiguration;
			baseConfigurationReference = 58081A64672A2831407B353D /* Pods-giphy.release.xcconfig */;
			buildSettings = {
				ASSETCATALOG_COMPILER_APPICON_NAME = AppIcon;
				DEVELOPMENT_TEAM = 39XXES98DU;
				INFOPLIST_FILE = giphy/Info.plist;
				LD_RUNPATH_SEARCH_PATHS = "$(inherited) @executable_path/Frameworks";
				PRODUCT_BUNDLE_IDENTIFIER = mycompany.giphy;
				PRODUCT_NAME = "$(TARGET_NAME)";
			};
			name = Release;
		};
/* End XCBuildConfiguration section */

/* Begin XCConfigurationList section */
		5CF35CF51E270668001CB46D /* Build configuration list for PBXProject "giphy" */ = {
			isa = XCConfigurationList;
			buildConfigurations = (
				5CF35D0F1E27066A001CB46D /* Debug */,
				5CF35D101E27066A001CB46D /* Release */,
			);
			defaultConfigurationIsVisible = 0;
			defaultConfigurationName = Release;
		};
		5CF35D111E27066A001CB46D /* Build configuration list for PBXNativeTarget "giphy" */ = {
			isa = XCConfigurationList;
			buildConfigurations = (
				5CF35D121E27066A001CB46D /* Debug */,
				5CF35D131E27066A001CB46D /* Release */,
			);
			defaultConfigurationIsVisible = 0;
			defaultConfigurationName = Release;
		};
/* End XCConfigurationList section */
	};
	rootObject = 5CF35CF21E270668001CB46D /* Project object */;
}
